
Microsoft Visual Studio Solution File, Format Version 12.00
# Visual Studio Version 16
VisualStudioVersion = 16.0.30907.101
MinimumVisualStudioVersion = 10.0.40219.1
Project("{9A19103F-16F7-4668-BE54-9A1E7A4F7556}") = "DemoApp.Server", "DemoApp.Server\DemoApp.Server.csproj", "{504DB698-F336-468D-B092-6705483AA138}"
EndProject
Project("{9A19103F-16F7-4668-BE54-9A1E7A4F7556}") = "DemoApp.WASM.Server", "DemoApp.WASM\Server\DemoApp.WASM.Server.csproj", "{13D8D0B3-815F-4695-9D09-41F92CF04009}"
EndProject
Project("{9A19103F-16F7-4668-BE54-9A1E7A4F7556}") = "DemoApp.WASM.Client", "DemoApp.WASM\Client\DemoApp.WASM.Client.csproj", "{D76FAF0C-C3E1-4830-918E-82E78126C516}"
EndProject
Project("{9A19103F-16F7-4668-BE54-9A1E7A4F7556}") = "DemoApp.WASM.Shared", "DemoApp.WASM\Shared\DemoApp.WASM.Shared.csproj", "{5C267415-2E8F-47B5-B423-5A78157C5DAC}"
EndProject
Project("{FAE04EC0-301F-11D3-BF4B-00C04F79EFBC}") = "DemoApp.MVC", "DemoApp.MVC\DemoApp.MVC.csproj", "{ADA99946-367F-4239-B554-887D2ECBA4F6}"
EndProject
Global
	GlobalSection(SolutionConfigurationPlatforms) = preSolution
		Debug|Any CPU = Debug|Any CPU
		Release|Any CPU = Release|Any CPU
	EndGlobalSection
	GlobalSection(ProjectConfigurationPlatforms) = postSolution
		{504DB698-F336-468D-B092-6705483AA138}.Debug|Any CPU.ActiveCfg = Debug|Any CPU
		{504DB698-F336-468D-B092-6705483AA138}.Debug|Any CPU.Build.0 = Debug|Any CPU
		{504DB698-F336-468D-B092-6705483AA138}.Release|Any CPU.ActiveCfg = Release|Any CPU
		{504DB698-F336-468D-B092-6705483AA138}.Release|Any CPU.Build.0 = Release|Any CPU
		{13D8D0B3-815F-4695-9D09-41F92CF04009}.Debug|Any CPU.ActiveCfg = Debug|Any CPU
		{13D8D0B3-815F-4695-9D09-41F92CF04009}.Debug|Any CPU.Build.0 = Debug|Any CPU
		{13D8D0B3-815F-4695-9D09-41F92CF04009}.Release|Any CPU.ActiveCfg = Release|Any CPU
		{13D8D0B3-815F-4695-9D09-41F92CF04009}.Release|Any CPU.Build.0 = Release|Any CPU
		{D76FAF0C-C3E1-4830-918E-82E78126C516}.Debug|Any CPU.ActiveCfg = Debug|Any CPU
		{D76FAF0C-C3E1-4830-918E-82E78126C516}.Debug|Any CPU.Build.0 = Debug|Any CPU
		{D76FAF0C-C3E1-4830-918E-82E78126C516}.Release|Any CPU.ActiveCfg = Release|Any CPU
		{D76FAF0C-C3E1-4830-918E-82E78126C516}.Release|Any CPU.Build.0 = Release|Any CPU
		{5C267415-2E8F-47B5-B423-5A78157C5DAC}.Debug|Any CPU.ActiveCfg = Debug|Any CPU
		{5C267415-2E8F-47B5-B423-5A78157C5DAC}.Debug|Any CPU.Build.0 = Debug|Any CPU
		{5C267415-2E8F-47B5-B423-5A78157C5DAC}.Release|Any CPU.ActiveCfg = Release|Any CPU
		{5C267415-2E8F-47B5-B423-5A78157C5DAC}.Release|Any CPU.Build.0 = Release|Any CPU
		{ADA99946-367F-4239-B554-887D2ECBA4F6}.Debug|Any CPU.ActiveCfg = Debug|Any CPU
		{ADA99946-367F-4239-B554-887D2ECBA4F6}.Debug|Any CPU.Build.0 = Debug|Any CPU
		{ADA99946-367F-4239-B554-887D2ECBA4F6}.Release|Any CPU.ActiveCfg = Release|Any CPU
		{ADA99946-367F-4239-B554-887D2ECBA4F6}.Release|Any CPU.Build.0 = Release|Any CPU
	EndGlobalSection
	GlobalSection(SolutionProperties) = preSolution
		HideSolutionNode = FALSE
	EndGlobalSection
	GlobalSection(ExtensibilityGlobals) = postSolution
		SolutionGuid = {76254944-E4A8-4EC0-88D6-09093A70D613}
	EndGlobalSection
EndGlobal
